{
  "requires": true,
  "lockfileVersion": 1,
  "dependencies": {
    "leaflet": {
      "version": "1.7.1",
      "resolved": "https://registry.npmjs.org/leaflet/-/leaflet-1.7.1.tgz",
      "integrity": "sha512-/xwPEBidtg69Q3HlqPdU3DnrXQOvQU/CCHA1tcDQVzOwm91YMYaILjNp7L4Eaw5Z4sOYdbBz6koWyibppd8Zqw=="
    },
    "leaflet-ant-path": {
      "version": "1.3.0",
      "resolved": "https://registry.npmjs.org/leaflet-ant-path/-/leaflet-ant-path-1.3.0.tgz",
      "integrity": "sha512-wgWWcAD4w8QVguRsHh89NGj5eqwLOP6e/HazunW0fQaytqZqEh3WePWYIrmbUeMcOf2cX/+GecHkFfI5tirS1Q=="
    },
    "leaflet-velocity": {
      "version": "2.1.0",
      "resolved": "https://registry.npmjs.org/leaflet-velocity/-/leaflet-velocity-2.1.0.tgz",
      "integrity": "sha512-WTgsEjx9tG4uNz76CRI97XrdH4rmYl247lFDB9PZzxlm6k0yZj1pofGVKnaEIoJAfh9WUJOoKEOqGrBiIZ8KHQ=="
    },
    "leaflet.heat": {
      "version": "git+https://github.com/Leaflet/Leaflet.heat.git#5885ec0ec2442876b67725c64dc537cb12c52c73",
      "from": "git+https://github.com/Leaflet/Leaflet.heat.git"
    },
    "smartship-web": {
      "version": "file:app/static",
      "requires": {
        "leaflet": "^1.7.1",
        "leaflet-ant-path": "^1.3.0",
        "leaflet-velocity": "^2.1.0",
        "leaflet.heat": "git+https://github.com/Leaflet/Leaflet.heat.git"
      }
    }
  }
}
