{
  "name": "smartship-web",
  "version": "1.0.0",
  "lockfileVersion": 1,
  "requires": true,
  "dependencies": {
    "leaflet": {
      "version": "1.7.1",
      "resolved": "https://registry.npmjs.org/leaflet/-/leaflet-1.7.1.tgz",
      "integrity": "sha512-/xwPEBidtg69Q3HlqPdU3DnrXQOvQU/CCHA1tcDQVzOwm91YMYaILjNp7L4Eaw5Z4sOYdbBz6koWyibppd8Zqw=="
    },
    "leaflet-ant-path": {
      "version": "1.3.0",
      "resolved": "https://registry.npmjs.org/leaflet-ant-path/-/leaflet-ant-path-1.3.0.tgz",
      "integrity": "sha512-wgWWcAD4w8QVguRsHh89NGj5eqwLOP6e/HazunW0fQaytqZqEh3WePWYIrmbUeMcOf2cX/+GecHkFfI5tirS1Q=="
    },
    "leaflet-velocity": {
      "version": "2.1.0",
      "resolved": "https://registry.npmjs.org/leaflet-velocity/-/leaflet-velocity-2.1.0.tgz",
      "integrity": "sha512-WTgsEjx9tG4uNz76CRI97XrdH4rmYl247lFDB9PZzxlm6k0yZj1pofGVKnaEIoJAfh9WUJOoKEOqGrBiIZ8KHQ=="
    }
  }
}
